
Microsoft Visual Studio Solution File, Format Version 11.00
# Visual Studio 2010
Project("{8BC9CEB8-8B4A-11D0-8D11-00A0C91BC942}") = "Algorithms", "Algorithms\Algorithms.vcxproj", "{12A6C362-8419-40B7-AAB9-04709234BDA5}"
EndProject
Project("{8BC9CEB8-8B4A-11D0-8D11-00A0C91BC942}") = "Test", "Test\Test.vcxproj", "{1D8E8E7D-33DC-4034-B625-197F8C51159E}"
	ProjectSection(ProjectDependencies) = postProject
		{12A6C362-8419-40B7-AAB9-04709234BDA5} = {12A6C362-8419-40B7-AAB9-04709234BDA5}
	EndProjectSection
EndProject
Global
	GlobalSection(SolutionConfigurationPlatforms) = preSolution
		Debug|Win32 = Debug|Win32
		Release|Win32 = Release|Win32
	EndGlobalSection
	GlobalSection(ProjectConfigurationPlatforms) = postSolution
		{12A6C362-8419-40B7-AAB9-04709234BDA5}.Debug|Win32.ActiveCfg = Debug|Win32
		{12A6C362-8419-40B7-AAB9-04709234BDA5}.Debug|Win32.Build.0 = Debug|Win32
		{12A6C362-8419-40B7-AAB9-04709234BDA5}.Release|Win32.ActiveCfg = Release|Win32
		{12A6C362-8419-40B7-AAB9-04709234BDA5}.Release|Win32.Build.0 = Release|Win32
		{1D8E8E7D-33DC-4034-B625-197F8C51159E}.Debug|Win32.ActiveCfg = Debug|Win32
		{1D8E8E7D-33DC-4034-B625-197F8C51159E}.Debug|Win32.Build.0 = Debug|Win32
		{1D8E8E7D-33DC-4034-B625-197F8C51159E}.Release|Win32.ActiveCfg = Release|Win32
		{1D8E8E7D-33DC-4034-B625-197F8C51159E}.Release|Win32.Build.0 = Release|Win32
	EndGlobalSection
	GlobalSection(SolutionProperties) = preSolution
		HideSolutionNode = FALSE
	EndGlobalSection
EndGlobal
